
Microsoft Visual Studio Solution File, Format Version 12.00
# Visual Studio Version 17
VisualStudioVersion = 17.1.32328.378
MinimumVisualStudioVersion = 10.0.40219.1
Project("{FAE04EC0-301F-11D3-BF4B-00C04F79EFBC}") = "Logger", "Logger.csproj", "{20A390EE-9248-43A3-9003-324AB3E90C3B}"
EndProject
Global
	GlobalSection(SolutionConfigurationPlatforms) = preSolution
		Debug|Any CPU = Debug|Any CPU
		Release|Any CPU = Release|Any CPU
	EndGlobalSection
	GlobalSection(ProjectConfigurationPlatforms) = postSolution
		{20A390EE-9248-43A3-9003-324AB3E90C3B}.Debug|Any CPU.ActiveCfg = Debug|Any CPU
		{20A390EE-9248-43A3-9003-324AB3E90C3B}.Debug|Any CPU.Build.0 = Debug|Any CPU
		{20A390EE-9248-43A3-9003-324AB3E90C3B}.Release|Any CPU.ActiveCfg = Release|Any CPU
		{20A390EE-9248-43A3-9003-324AB3E90C3B}.Release|Any CPU.Build.0 = Release|Any CPU
	EndGlobalSection
	GlobalSection(SolutionProperties) = preSolution
		HideSolutionNode = FALSE
	EndGlobalSection
	GlobalSection(ExtensibilityGlobals) = postSolution
		SolutionGuid = {AFDF4B86-3862-42E1-8C88-F4B7EB7D1D55}
	EndGlobalSection
EndGlobal
